
Microsoft Visual Studio Solution File, Format Version 12.00
# Visual Studio Version 17
VisualStudioVersion = 17.4.33403.182
MinimumVisualStudioVersion = 10.0.40219.1
Project("{FAE04EC0-301F-11D3-BF4B-00C04F79EFBC}") = "school", "school\school.csproj", "{932B41E7-4E6C-4FA1-A9E9-DB308D4F0CB7}"
EndProject
Global
	GlobalSection(SolutionConfigurationPlatforms) = preSolution
		Debug|Any CPU = Debug|Any CPU
		Release|Any CPU = Release|Any CPU
	EndGlobalSection
	GlobalSection(ProjectConfigurationPlatforms) = postSolution
		{932B41E7-4E6C-4FA1-A9E9-DB308D4F0CB7}.Debug|Any CPU.ActiveCfg = Debug|Any CPU
		{932B41E7-4E6C-4FA1-A9E9-DB308D4F0CB7}.Debug|Any CPU.Build.0 = Debug|Any CPU
		{932B41E7-4E6C-4FA1-A9E9-DB308D4F0CB7}.Release|Any CPU.ActiveCfg = Release|Any CPU
		{932B41E7-4E6C-4FA1-A9E9-DB308D4F0CB7}.Release|Any CPU.Build.0 = Release|Any CPU
	EndGlobalSection
	GlobalSection(SolutionProperties) = preSolution
		HideSolutionNode = FALSE
	EndGlobalSection
	GlobalSection(ExtensibilityGlobals) = postSolution
		SolutionGuid = {D410C201-89A5-4C6A-87EC-8A82E4DD5FD2}
	EndGlobalSection
EndGlobal
